
Microsoft Visual Studio Solution File, Format Version 12.00
# Visual Studio Version 17
VisualStudioVersion = 17.7.34009.444
MinimumVisualStudioVersion = 10.0.40219.1
Project("{FAE04EC0-301F-11D3-BF4B-00C04F79EFBC}") = "TestTask.WebApi", "Test_task\TestTask.WebApi.csproj", "{B6F31008-4CC0-46D2-858D-D0F1897B0FAE}"
EndProject
Project("{FAE04EC0-301F-11D3-BF4B-00C04F79EFBC}") = "TestTask.Domain", "TestTask.Domain\TestTask.Domain.csproj", "{D2161984-6D73-423B-AADE-137E8312E280}"
EndProject
Project("{FAE04EC0-301F-11D3-BF4B-00C04F79EFBC}") = "TestTask.Application", "TestTask.Application\TestTask.Application.csproj", "{698789C1-DFFA-4236-96D7-C5131157ED1A}"
EndProject
Global
	GlobalSection(SolutionConfigurationPlatforms) = preSolution
		Debug|Any CPU = Debug|Any CPU
		Release|Any CPU = Release|Any CPU
	EndGlobalSection
	GlobalSection(ProjectConfigurationPlatforms) = postSolution
		{B6F31008-4CC0-46D2-858D-D0F1897B0FAE}.Debug|Any CPU.ActiveCfg = Debug|Any CPU
		{B6F31008-4CC0-46D2-858D-D0F1897B0FAE}.Debug|Any CPU.Build.0 = Debug|Any CPU
		{B6F31008-4CC0-46D2-858D-D0F1897B0FAE}.Release|Any CPU.ActiveCfg = Release|Any CPU
		{B6F31008-4CC0-46D2-858D-D0F1897B0FAE}.Release|Any CPU.Build.0 = Release|Any CPU
		{D2161984-6D73-423B-AADE-137E8312E280}.Debug|Any CPU.ActiveCfg = Debug|Any CPU
		{D2161984-6D73-423B-AADE-137E8312E280}.Debug|Any CPU.Build.0 = Debug|Any CPU
		{D2161984-6D73-423B-AADE-137E8312E280}.Release|Any CPU.ActiveCfg = Release|Any CPU
		{D2161984-6D73-423B-AADE-137E8312E280}.Release|Any CPU.Build.0 = Release|Any CPU
		{698789C1-DFFA-4236-96D7-C5131157ED1A}.Debug|Any CPU.ActiveCfg = Debug|Any CPU
		{698789C1-DFFA-4236-96D7-C5131157ED1A}.Debug|Any CPU.Build.0 = Debug|Any CPU
		{698789C1-DFFA-4236-96D7-C5131157ED1A}.Release|Any CPU.ActiveCfg = Release|Any CPU
		{698789C1-DFFA-4236-96D7-C5131157ED1A}.Release|Any CPU.Build.0 = Release|Any CPU
	EndGlobalSection
	GlobalSection(SolutionProperties) = preSolution
		HideSolutionNode = FALSE
	EndGlobalSection
	GlobalSection(ExtensibilityGlobals) = postSolution
		SolutionGuid = {77E2138F-94B2-422F-B8BF-EABC8C66D3EA}
	EndGlobalSection
EndGlobal
